
Microsoft Visual Studio Solution File, Format Version 12.00
# Visual Studio 14
VisualStudioVersion = 14.0.25420.1
MinimumVisualStudioVersion = 10.0.40219.1
Project("{FAE04EC0-301F-11D3-BF4B-00C04F79EFBC}") = "MvcAutoMapper", "MvcAutoMapper\MvcAutoMapper.csproj", "{923833D7-5D1F-40AD-924A-742FAE866B3F}"
EndProject
Project("{2150E333-8FDC-42A3-9474-1A3956D46DE8}") = "Service", "Service", "{86F43FC0-A348-4316-80EB-7B2EE7153AF3}"
EndProject
Project("{2150E333-8FDC-42A3-9474-1A3956D46DE8}") = "Domain", "Domain", "{D9B6BDC7-6DFC-443F-970C-0B7B9BF22595}"
EndProject
Project("{2150E333-8FDC-42A3-9474-1A3956D46DE8}") = "Repository", "Repository", "{C7B3D055-1B40-4CF2-AA0C-FE4AA70D78F7}"
EndProject
Project("{FAE04EC0-301F-11D3-BF4B-00C04F79EFBC}") = "Domain.Logic", "Domain\Domain.Logic\Domain.Logic.csproj", "{4B787E50-B7D2-4678-86F2-E035E73A2D00}"
EndProject
Project("{FAE04EC0-301F-11D3-BF4B-00C04F79EFBC}") = "Domain", "Domain\Domain\Domain.csproj", "{BA5A9CC8-7B27-45C5-8737-EC1670718D52}"
EndProject
Project("{FAE04EC0-301F-11D3-BF4B-00C04F79EFBC}") = "Domain.Model", "Domain\Domain.Model\Domain.Model.csproj", "{D7D937F0-19A9-41F4-BA08-B067343D0928}"
EndProject
Project("{FAE04EC0-301F-11D3-BF4B-00C04F79EFBC}") = "Service", "Service\Service\Service.csproj", "{7778A10E-D437-4F70-838C-6911C93CE2A7}"
EndProject
Project("{FAE04EC0-301F-11D3-BF4B-00C04F79EFBC}") = "Service.Logic", "Service\Service.Logic\Service.Logic.csproj", "{CF4EA91E-6F2C-4B38-B720-CBA774A862A7}"
EndProject
Project("{FAE04EC0-301F-11D3-BF4B-00C04F79EFBC}") = "Repository.Logic", "Repository\Repository.Logic\Repository.Logic.csproj", "{A4793F27-3F8C-4461-9FDF-FAD33284D41B}"
EndProject
Project("{FAE04EC0-301F-11D3-BF4B-00C04F79EFBC}") = "Repository", "Repository\Repository\Repository.csproj", "{8A747118-EEBE-41AE-ACFB-789EE3566F9F}"
EndProject
Project("{FAE04EC0-301F-11D3-BF4B-00C04F79EFBC}") = "Repository.Model", "Repository\Repository.Model\Repository.Model.csproj", "{3A21158A-B5C5-4C04-A2FD-7E72FC546646}"
EndProject
Global
	GlobalSection(SolutionConfigurationPlatforms) = preSolution
		Debug|Any CPU = Debug|Any CPU
		Release|Any CPU = Release|Any CPU
	EndGlobalSection
	GlobalSection(ProjectConfigurationPlatforms) = postSolution
		{923833D7-5D1F-40AD-924A-742FAE866B3F}.Debug|Any CPU.ActiveCfg = Debug|Any CPU
		{923833D7-5D1F-40AD-924A-742FAE866B3F}.Debug|Any CPU.Build.0 = Debug|Any CPU
		{923833D7-5D1F-40AD-924A-742FAE866B3F}.Release|Any CPU.ActiveCfg = Release|Any CPU
		{923833D7-5D1F-40AD-924A-742FAE866B3F}.Release|Any CPU.Build.0 = Release|Any CPU
		{4B787E50-B7D2-4678-86F2-E035E73A2D00}.Debug|Any CPU.ActiveCfg = Debug|Any CPU
		{4B787E50-B7D2-4678-86F2-E035E73A2D00}.Debug|Any CPU.Build.0 = Debug|Any CPU
		{4B787E50-B7D2-4678-86F2-E035E73A2D00}.Release|Any CPU.ActiveCfg = Release|Any CPU
		{4B787E50-B7D2-4678-86F2-E035E73A2D00}.Release|Any CPU.Build.0 = Release|Any CPU
		{BA5A9CC8-7B27-45C5-8737-EC1670718D52}.Debug|Any CPU.ActiveCfg = Debug|Any CPU
		{BA5A9CC8-7B27-45C5-8737-EC1670718D52}.Debug|Any CPU.Build.0 = Debug|Any CPU
		{BA5A9CC8-7B27-45C5-8737-EC1670718D52}.Release|Any CPU.ActiveCfg = Release|Any CPU
		{BA5A9CC8-7B27-45C5-8737-EC1670718D52}.Release|Any CPU.Build.0 = Release|Any CPU
		{D7D937F0-19A9-41F4-BA08-B067343D0928}.Debug|Any CPU.ActiveCfg = Debug|Any CPU
		{D7D937F0-19A9-41F4-BA08-B067343D0928}.Debug|Any CPU.Build.0 = Debug|Any CPU
		{D7D937F0-19A9-41F4-BA08-B067343D0928}.Release|Any CPU.ActiveCfg = Release|Any CPU
		{D7D937F0-19A9-41F4-BA08-B067343D0928}.Release|Any CPU.Build.0 = Release|Any CPU
		{7778A10E-D437-4F70-838C-6911C93CE2A7}.Debug|Any CPU.ActiveCfg = Debug|Any CPU
		{7778A10E-D437-4F70-838C-6911C93CE2A7}.Debug|Any CPU.Build.0 = Debug|Any CPU
		{7778A10E-D437-4F70-838C-6911C93CE2A7}.Release|Any CPU.ActiveCfg = Release|Any CPU
		{7778A10E-D437-4F70-838C-6911C93CE2A7}.Release|Any CPU.Build.0 = Release|Any CPU
		{CF4EA91E-6F2C-4B38-B720-CBA774A862A7}.Debug|Any CPU.ActiveCfg = Debug|Any CPU
		{CF4EA91E-6F2C-4B38-B720-CBA774A862A7}.Debug|Any CPU.Build.0 = Debug|Any CPU
		{CF4EA91E-6F2C-4B38-B720-CBA774A862A7}.Release|Any CPU.ActiveCfg = Release|Any CPU
		{CF4EA91E-6F2C-4B38-B720-CBA774A862A7}.Release|Any CPU.Build.0 = Release|Any CPU
		{A4793F27-3F8C-4461-9FDF-FAD33284D41B}.Debug|Any CPU.ActiveCfg = Debug|Any CPU
		{A4793F27-3F8C-4461-9FDF-FAD33284D41B}.Debug|Any CPU.Build.0 = Debug|Any CPU
		{A4793F27-3F8C-4461-9FDF-FAD33284D41B}.Release|Any CPU.ActiveCfg = Release|Any CPU
		{A4793F27-3F8C-4461-9FDF-FAD33284D41B}.Release|Any CPU.Build.0 = Release|Any CPU
		{8A747118-EEBE-41AE-ACFB-789EE3566F9F}.Debug|Any CPU.ActiveCfg = Debug|Any CPU
		{8A747118-EEBE-41AE-ACFB-789EE3566F9F}.Debug|Any CPU.Build.0 = Debug|Any CPU
		{8A747118-EEBE-41AE-ACFB-789EE3566F9F}.Release|Any CPU.ActiveCfg = Release|Any CPU
		{8A747118-EEBE-41AE-ACFB-789EE3566F9F}.Release|Any CPU.Build.0 = Release|Any CPU
		{3A21158A-B5C5-4C04-A2FD-7E72FC546646}.Debug|Any CPU.ActiveCfg = Debug|Any CPU
		{3A21158A-B5C5-4C04-A2FD-7E72FC546646}.Debug|Any CPU.Build.0 = Debug|Any CPU
		{3A21158A-B5C5-4C04-A2FD-7E72FC546646}.Release|Any CPU.ActiveCfg = Release|Any CPU
		{3A21158A-B5C5-4C04-A2FD-7E72FC546646}.Release|Any CPU.Build.0 = Release|Any CPU
	EndGlobalSection
	GlobalSection(SolutionProperties) = preSolution
		HideSolutionNode = FALSE
	EndGlobalSection
	GlobalSection(NestedProjects) = preSolution
		{4B787E50-B7D2-4678-86F2-E035E73A2D00} = {D9B6BDC7-6DFC-443F-970C-0B7B9BF22595}
		{BA5A9CC8-7B27-45C5-8737-EC1670718D52} = {D9B6BDC7-6DFC-443F-970C-0B7B9BF22595}
		{D7D937F0-19A9-41F4-BA08-B067343D0928} = {D9B6BDC7-6DFC-443F-970C-0B7B9BF22595}
		{7778A10E-D437-4F70-838C-6911C93CE2A7} = {86F43FC0-A348-4316-80EB-7B2EE7153AF3}
		{CF4EA91E-6F2C-4B38-B720-CBA774A862A7} = {86F43FC0-A348-4316-80EB-7B2EE7153AF3}
		{A4793F27-3F8C-4461-9FDF-FAD33284D41B} = {C7B3D055-1B40-4CF2-AA0C-FE4AA70D78F7}
		{8A747118-EEBE-41AE-ACFB-789EE3566F9F} = {C7B3D055-1B40-4CF2-AA0C-FE4AA70D78F7}
		{3A21158A-B5C5-4C04-A2FD-7E72FC546646} = {C7B3D055-1B40-4CF2-AA0C-FE4AA70D78F7}
	EndGlobalSection
EndGlobal
